
Microsoft Visual Studio Solution File, Format Version 12.00
# Visual Studio 2012
Project("{FAE04EC0-301F-11D3-BF4B-00C04F79EFBC}") = "FileExercise1", "FileExercise1\FileExercise1.csproj", "{F5B90757-EEE8-45CB-A0E8-4100BA247890}"
EndProject
Global
	GlobalSection(SolutionConfigurationPlatforms) = preSolution
		Debug|Any CPU = Debug|Any CPU
		Release|Any CPU = Release|Any CPU
	EndGlobalSection
	GlobalSection(ProjectConfigurationPlatforms) = postSolution
		{F5B90757-EEE8-45CB-A0E8-4100BA247890}.Debug|Any CPU.ActiveCfg = Debug|Any CPU
		{F5B90757-EEE8-45CB-A0E8-4100BA247890}.Debug|Any CPU.Build.0 = Debug|Any CPU
		{F5B90757-EEE8-45CB-A0E8-4100BA247890}.Release|Any CPU.ActiveCfg = Release|Any CPU
		{F5B90757-EEE8-45CB-A0E8-4100BA247890}.Release|Any CPU.Build.0 = Release|Any CPU
	EndGlobalSection
EndGlobal
