
Microsoft Visual Studio Solution File, Format Version 12.00
# Visual Studio 2012
Project("{FAE04EC0-301F-11D3-BF4B-00C04F79EFBC}") = "Conditional_Exercise_3", "Conditional_Exercise_3\Conditional_Exercise_3.csproj", "{DCA8F749-5C23-4ABC-8352-E43BF45A87F9}"
EndProject
Global
	GlobalSection(SolutionConfigurationPlatforms) = preSolution
		Debug|Any CPU = Debug|Any CPU
		Release|Any CPU = Release|Any CPU
	EndGlobalSection
	GlobalSection(ProjectConfigurationPlatforms) = postSolution
		{DCA8F749-5C23-4ABC-8352-E43BF45A87F9}.Debug|Any CPU.ActiveCfg = Debug|Any CPU
		{DCA8F749-5C23-4ABC-8352-E43BF45A87F9}.Debug|Any CPU.Build.0 = Debug|Any CPU
		{DCA8F749-5C23-4ABC-8352-E43BF45A87F9}.Release|Any CPU.ActiveCfg = Release|Any CPU
		{DCA8F749-5C23-4ABC-8352-E43BF45A87F9}.Release|Any CPU.Build.0 = Release|Any CPU
	EndGlobalSection
EndGlobal
