
Microsoft Visual Studio Solution File, Format Version 12.00
# Visual Studio 2012
Project("{FAE04EC0-301F-11D3-BF4B-00C04F79EFBC}") = "ListsArraysExercise2", "ListsArraysExercise2\ListsArraysExercise2.csproj", "{06FF51E1-D037-42D7-B8D2-02E06CEB2E9B}"
EndProject
Global
	GlobalSection(SolutionConfigurationPlatforms) = preSolution
		Debug|Any CPU = Debug|Any CPU
		Release|Any CPU = Release|Any CPU
	EndGlobalSection
	GlobalSection(ProjectConfigurationPlatforms) = postSolution
		{06FF51E1-D037-42D7-B8D2-02E06CEB2E9B}.Debug|Any CPU.ActiveCfg = Debug|Any CPU
		{06FF51E1-D037-42D7-B8D2-02E06CEB2E9B}.Debug|Any CPU.Build.0 = Debug|Any CPU
		{06FF51E1-D037-42D7-B8D2-02E06CEB2E9B}.Release|Any CPU.ActiveCfg = Release|Any CPU
		{06FF51E1-D037-42D7-B8D2-02E06CEB2E9B}.Release|Any CPU.Build.0 = Release|Any CPU
	EndGlobalSection
EndGlobal
