
Microsoft Visual Studio Solution File, Format Version 12.00
# Visual Studio 2012
Project("{FAE04EC0-301F-11D3-BF4B-00C04F79EFBC}") = "Conditional_Exercise_1", "Conditional_Exercise_1\Conditional_Exercise_1.csproj", "{E88760DA-DB5F-477B-8BBA-AB8350110857}"
EndProject
Global
	GlobalSection(SolutionConfigurationPlatforms) = preSolution
		Debug|Any CPU = Debug|Any CPU
		Release|Any CPU = Release|Any CPU
	EndGlobalSection
	GlobalSection(ProjectConfigurationPlatforms) = postSolution
		{E88760DA-DB5F-477B-8BBA-AB8350110857}.Debug|Any CPU.ActiveCfg = Debug|Any CPU
		{E88760DA-DB5F-477B-8BBA-AB8350110857}.Debug|Any CPU.Build.0 = Debug|Any CPU
		{E88760DA-DB5F-477B-8BBA-AB8350110857}.Release|Any CPU.ActiveCfg = Release|Any CPU
		{E88760DA-DB5F-477B-8BBA-AB8350110857}.Release|Any CPU.Build.0 = Release|Any CPU
	EndGlobalSection
EndGlobal
