
Microsoft Visual Studio Solution File, Format Version 12.00
# Visual Studio 2012
Project("{FAE04EC0-301F-11D3-BF4B-00C04F79EFBC}") = "Loops_Exercise_1", "Loops_Exercise_1\Loops_Exercise_1.csproj", "{8F39E360-479E-4737-876B-CB9B2E35B053}"
EndProject
Global
	GlobalSection(SolutionConfigurationPlatforms) = preSolution
		Debug|Any CPU = Debug|Any CPU
		Release|Any CPU = Release|Any CPU
	EndGlobalSection
	GlobalSection(ProjectConfigurationPlatforms) = postSolution
		{8F39E360-479E-4737-876B-CB9B2E35B053}.Debug|Any CPU.ActiveCfg = Debug|Any CPU
		{8F39E360-479E-4737-876B-CB9B2E35B053}.Debug|Any CPU.Build.0 = Debug|Any CPU
		{8F39E360-479E-4737-876B-CB9B2E35B053}.Release|Any CPU.ActiveCfg = Release|Any CPU
		{8F39E360-479E-4737-876B-CB9B2E35B053}.Release|Any CPU.Build.0 = Release|Any CPU
	EndGlobalSection
EndGlobal
