
Microsoft Visual Studio Solution File, Format Version 12.00
# Visual Studio 2012
Project("{FAE04EC0-301F-11D3-BF4B-00C04F79EFBC}") = "TextExercise4", "TextExercise4\TextExercise4.csproj", "{ACBE16D6-C86D-417C-9ED8-F4DBCB2F6978}"
EndProject
Global
	GlobalSection(SolutionConfigurationPlatforms) = preSolution
		Debug|Any CPU = Debug|Any CPU
		Release|Any CPU = Release|Any CPU
	EndGlobalSection
	GlobalSection(ProjectConfigurationPlatforms) = postSolution
		{ACBE16D6-C86D-417C-9ED8-F4DBCB2F6978}.Debug|Any CPU.ActiveCfg = Debug|Any CPU
		{ACBE16D6-C86D-417C-9ED8-F4DBCB2F6978}.Debug|Any CPU.Build.0 = Debug|Any CPU
		{ACBE16D6-C86D-417C-9ED8-F4DBCB2F6978}.Release|Any CPU.ActiveCfg = Release|Any CPU
		{ACBE16D6-C86D-417C-9ED8-F4DBCB2F6978}.Release|Any CPU.Build.0 = Release|Any CPU
	EndGlobalSection
EndGlobal
